
Microsoft Visual Studio Solution File, Format Version 12.00
# Visual Studio 15
VisualStudioVersion = 15.0.26730.16
MinimumVisualStudioVersion = 10.0.40219.1
Project("{9A19103F-16F7-4668-BE54-9A1E7A4F7556}") = "RateWebhook", "src\RateWebhook\RateWebhook.csproj", "{FAAB9900-6045-48C7-BF97-10FC5F761A1D}"
EndProject
Project("{9A19103F-16F7-4668-BE54-9A1E7A4F7556}") = "QuoteEngine", "src\QuoteEngine\QuoteEngine.csproj", "{FB3595DE-080C-484A-9742-E43994F925FA}"
EndProject
Project("{9A19103F-16F7-4668-BE54-9A1E7A4F7556}") = "Notification", "src\Notification\Notification.csproj", "{16B893F3-D1A5-4712-BEFB-5B70F407D2F3}"
EndProject
Project("{9A19103F-16F7-4668-BE54-9A1E7A4F7556}") = "Payments.App", "src\Payments.App\Payments.App.csproj", "{3E21B2BD-3C35-48AE-80A4-F9610B80B140}"
EndProject
Project("{9A19103F-16F7-4668-BE54-9A1E7A4F7556}") = "Infrastructure", "src\Infrastructure\Infrastructure.csproj", "{24BB16C1-4BE8-4153-A060-45599F027D9E}"
EndProject
Project("{9A19103F-16F7-4668-BE54-9A1E7A4F7556}") = "Contracts", "src\Contracts\Contracts.csproj", "{336DB0A1-C4BB-4B4B-8FDA-7DE6B5E54713}"
EndProject
Project("{9A19103F-16F7-4668-BE54-9A1E7A4F7556}") = "Pricing", "src\Pricing\Pricing.csproj", "{F85D79CB-34F2-4315-BA7D-3C5F165ED302}"
EndProject
Global
	GlobalSection(SolutionConfigurationPlatforms) = preSolution
		Debug|Any CPU = Debug|Any CPU
		Release|Any CPU = Release|Any CPU
	EndGlobalSection
	GlobalSection(ProjectConfigurationPlatforms) = postSolution
		{FAAB9900-6045-48C7-BF97-10FC5F761A1D}.Debug|Any CPU.ActiveCfg = Debug|Any CPU
		{FAAB9900-6045-48C7-BF97-10FC5F761A1D}.Debug|Any CPU.Build.0 = Debug|Any CPU
		{FAAB9900-6045-48C7-BF97-10FC5F761A1D}.Release|Any CPU.ActiveCfg = Release|Any CPU
		{FAAB9900-6045-48C7-BF97-10FC5F761A1D}.Release|Any CPU.Build.0 = Release|Any CPU
		{FB3595DE-080C-484A-9742-E43994F925FA}.Debug|Any CPU.ActiveCfg = Debug|Any CPU
		{FB3595DE-080C-484A-9742-E43994F925FA}.Debug|Any CPU.Build.0 = Debug|Any CPU
		{FB3595DE-080C-484A-9742-E43994F925FA}.Release|Any CPU.ActiveCfg = Release|Any CPU
		{FB3595DE-080C-484A-9742-E43994F925FA}.Release|Any CPU.Build.0 = Release|Any CPU
		{16B893F3-D1A5-4712-BEFB-5B70F407D2F3}.Debug|Any CPU.ActiveCfg = Debug|Any CPU
		{16B893F3-D1A5-4712-BEFB-5B70F407D2F3}.Debug|Any CPU.Build.0 = Debug|Any CPU
		{16B893F3-D1A5-4712-BEFB-5B70F407D2F3}.Release|Any CPU.ActiveCfg = Release|Any CPU
		{16B893F3-D1A5-4712-BEFB-5B70F407D2F3}.Release|Any CPU.Build.0 = Release|Any CPU
		{3E21B2BD-3C35-48AE-80A4-F9610B80B140}.Debug|Any CPU.ActiveCfg = Debug|Any CPU
		{3E21B2BD-3C35-48AE-80A4-F9610B80B140}.Debug|Any CPU.Build.0 = Debug|Any CPU
		{3E21B2BD-3C35-48AE-80A4-F9610B80B140}.Release|Any CPU.ActiveCfg = Release|Any CPU
		{3E21B2BD-3C35-48AE-80A4-F9610B80B140}.Release|Any CPU.Build.0 = Release|Any CPU
		{24BB16C1-4BE8-4153-A060-45599F027D9E}.Debug|Any CPU.ActiveCfg = Debug|Any CPU
		{24BB16C1-4BE8-4153-A060-45599F027D9E}.Debug|Any CPU.Build.0 = Debug|Any CPU
		{24BB16C1-4BE8-4153-A060-45599F027D9E}.Release|Any CPU.ActiveCfg = Release|Any CPU
		{24BB16C1-4BE8-4153-A060-45599F027D9E}.Release|Any CPU.Build.0 = Release|Any CPU
		{336DB0A1-C4BB-4B4B-8FDA-7DE6B5E54713}.Debug|Any CPU.ActiveCfg = Debug|Any CPU
		{336DB0A1-C4BB-4B4B-8FDA-7DE6B5E54713}.Debug|Any CPU.Build.0 = Debug|Any CPU
		{336DB0A1-C4BB-4B4B-8FDA-7DE6B5E54713}.Release|Any CPU.ActiveCfg = Release|Any CPU
		{336DB0A1-C4BB-4B4B-8FDA-7DE6B5E54713}.Release|Any CPU.Build.0 = Release|Any CPU
		{F85D79CB-34F2-4315-BA7D-3C5F165ED302}.Debug|Any CPU.ActiveCfg = Debug|Any CPU
		{F85D79CB-34F2-4315-BA7D-3C5F165ED302}.Debug|Any CPU.Build.0 = Debug|Any CPU
		{F85D79CB-34F2-4315-BA7D-3C5F165ED302}.Release|Any CPU.ActiveCfg = Release|Any CPU
		{F85D79CB-34F2-4315-BA7D-3C5F165ED302}.Release|Any CPU.Build.0 = Release|Any CPU
	EndGlobalSection
	GlobalSection(SolutionProperties) = preSolution
		HideSolutionNode = FALSE
	EndGlobalSection
	GlobalSection(ExtensibilityGlobals) = postSolution
		SolutionGuid = {234C4B2D-732F-46A2-BA0C-466EE275C41D}
	EndGlobalSection
EndGlobal
